
Microsoft Visual Studio Solution File, Format Version 12.00
# Visual Studio Version 16
VisualStudioVersion = 16.0.34601.136
MinimumVisualStudioVersion = 10.0.40219.1
Project("{FAE04EC0-301F-11D3-BF4B-00C04F79EFBC}") = "OperatorOverloadingAssignment", "OperatorOverloadingAssignment\OperatorOverloadingAssignment.csproj", "{96DB7EF5-AD05-45D0-A1F3-2288BFFBD869}"
EndProject
Global
	GlobalSection(SolutionConfigurationPlatforms) = preSolution
		Debug|Any CPU = Debug|Any CPU
		Release|Any CPU = Release|Any CPU
	EndGlobalSection
	GlobalSection(ProjectConfigurationPlatforms) = postSolution
		{96DB7EF5-AD05-45D0-A1F3-2288BFFBD869}.Debug|Any CPU.ActiveCfg = Debug|Any CPU
		{96DB7EF5-AD05-45D0-A1F3-2288BFFBD869}.Debug|Any CPU.Build.0 = Debug|Any CPU
		{96DB7EF5-AD05-45D0-A1F3-2288BFFBD869}.Release|Any CPU.ActiveCfg = Release|Any CPU
		{96DB7EF5-AD05-45D0-A1F3-2288BFFBD869}.Release|Any CPU.Build.0 = Release|Any CPU
	EndGlobalSection
	GlobalSection(SolutionProperties) = preSolution
		HideSolutionNode = FALSE
	EndGlobalSection
	GlobalSection(ExtensibilityGlobals) = postSolution
		SolutionGuid = {EB671931-C465-4052-B33C-9E4E71616A0C}
	EndGlobalSection
EndGlobal
